
Microsoft Visual Studio Solution File, Format Version 12.00
Project("{FAE04EC0-301F-11D3-BF4B-00C04F79EFBC}") = "HomeWork_1", "HomeWork_1\HomeWork_1.csproj", "{B8135D41-7679-4465-B0DA-CD5868A795AB}"
EndProject
Global
	GlobalSection(SolutionConfigurationPlatforms) = preSolution
		Debug|Any CPU = Debug|Any CPU
		Release|Any CPU = Release|Any CPU
	EndGlobalSection
	GlobalSection(ProjectConfigurationPlatforms) = postSolution
		{B8135D41-7679-4465-B0DA-CD5868A795AB}.Debug|Any CPU.ActiveCfg = Debug|Any CPU
		{B8135D41-7679-4465-B0DA-CD5868A795AB}.Debug|Any CPU.Build.0 = Debug|Any CPU
		{B8135D41-7679-4465-B0DA-CD5868A795AB}.Release|Any CPU.ActiveCfg = Release|Any CPU
		{B8135D41-7679-4465-B0DA-CD5868A795AB}.Release|Any CPU.Build.0 = Release|Any CPU
	EndGlobalSection
EndGlobal
