
Microsoft Visual Studio Solution File, Format Version 12.00
Project("{FAE04EC0-301F-11D3-BF4B-00C04F79EFBC}") = "Task_1_Employee", "Task_1_Employee\Task_1_Employee.csproj", "{647D8433-67D9-4586-96CD-5E8C09AB8FB9}"
EndProject
Project("{FAE04EC0-301F-11D3-BF4B-00C04F79EFBC}") = "Task_2_City", "Task_2_City\Task_2_City.csproj", "{BE9B84C8-B352-450C-BB29-0BB94C654C6D}"
EndProject
Project("{FAE04EC0-301F-11D3-BF4B-00C04F79EFBC}") = "Task_3_CreditCard", "Task_3_CreditCard\Task_3_CreditCard.csproj", "{8856866D-7A11-4A65-8A99-CE4ACAF43E1E}"
EndProject
Project("{FAE04EC0-301F-11D3-BF4B-00C04F79EFBC}") = "Task_4_Matrix", "Task_4_Matrix\Task_4_Matrix.csproj", "{A302E2E4-8587-4EE7-9B28-A93277CABDB0}"
EndProject
Project("{FAE04EC0-301F-11D3-BF4B-00C04F79EFBC}") = "SelfTask_Dimensions", "SelfTask_Dimensions\SelfTask_Dimensions.csproj", "{25274EF4-0425-4FDD-B4E7-58C1880DBFF4}"
EndProject
Global
	GlobalSection(SolutionConfigurationPlatforms) = preSolution
		Debug|Any CPU = Debug|Any CPU
		Release|Any CPU = Release|Any CPU
	EndGlobalSection
	GlobalSection(ProjectConfigurationPlatforms) = postSolution
		{647D8433-67D9-4586-96CD-5E8C09AB8FB9}.Debug|Any CPU.ActiveCfg = Debug|Any CPU
		{647D8433-67D9-4586-96CD-5E8C09AB8FB9}.Debug|Any CPU.Build.0 = Debug|Any CPU
		{647D8433-67D9-4586-96CD-5E8C09AB8FB9}.Release|Any CPU.ActiveCfg = Release|Any CPU
		{647D8433-67D9-4586-96CD-5E8C09AB8FB9}.Release|Any CPU.Build.0 = Release|Any CPU
		{BE9B84C8-B352-450C-BB29-0BB94C654C6D}.Debug|Any CPU.ActiveCfg = Debug|Any CPU
		{BE9B84C8-B352-450C-BB29-0BB94C654C6D}.Debug|Any CPU.Build.0 = Debug|Any CPU
		{BE9B84C8-B352-450C-BB29-0BB94C654C6D}.Release|Any CPU.ActiveCfg = Release|Any CPU
		{BE9B84C8-B352-450C-BB29-0BB94C654C6D}.Release|Any CPU.Build.0 = Release|Any CPU
		{8856866D-7A11-4A65-8A99-CE4ACAF43E1E}.Debug|Any CPU.ActiveCfg = Debug|Any CPU
		{8856866D-7A11-4A65-8A99-CE4ACAF43E1E}.Debug|Any CPU.Build.0 = Debug|Any CPU
		{8856866D-7A11-4A65-8A99-CE4ACAF43E1E}.Release|Any CPU.ActiveCfg = Release|Any CPU
		{8856866D-7A11-4A65-8A99-CE4ACAF43E1E}.Release|Any CPU.Build.0 = Release|Any CPU
		{A302E2E4-8587-4EE7-9B28-A93277CABDB0}.Debug|Any CPU.ActiveCfg = Debug|Any CPU
		{A302E2E4-8587-4EE7-9B28-A93277CABDB0}.Debug|Any CPU.Build.0 = Debug|Any CPU
		{A302E2E4-8587-4EE7-9B28-A93277CABDB0}.Release|Any CPU.ActiveCfg = Release|Any CPU
		{A302E2E4-8587-4EE7-9B28-A93277CABDB0}.Release|Any CPU.Build.0 = Release|Any CPU
		{25274EF4-0425-4FDD-B4E7-58C1880DBFF4}.Debug|Any CPU.ActiveCfg = Debug|Any CPU
		{25274EF4-0425-4FDD-B4E7-58C1880DBFF4}.Debug|Any CPU.Build.0 = Debug|Any CPU
		{25274EF4-0425-4FDD-B4E7-58C1880DBFF4}.Release|Any CPU.ActiveCfg = Release|Any CPU
		{25274EF4-0425-4FDD-B4E7-58C1880DBFF4}.Release|Any CPU.Build.0 = Release|Any CPU
	EndGlobalSection
EndGlobal
